{
  "name": "association-alnamaa",
  "version": "0.0.0",
  "lockfileVersion": 3,
  "requires": true,
  "packages": {
    "": {
      "name": "association-alnamaa",
      "version": "0.0.0",
      "dependencies": {
        "@angular/common": "^21.1.0",
        "@angular/compiler": "^21.1.0",
        "@angular/core": "^21.1.0",
        "@angular/forms": "^21.1.0",
        "@angular/platform-browser": "^21.1.0",
        "@angular/router": "^21.1.0",
        "bootstrap": "^5.3.8",
        "rxjs": "~7.8.0",
        "tslib": "^2.3.0"
      },
      "devDependencies": {
        "@angular/build": "^21.1.0",
        "@angular/cli": "^21.1.0",
        "@angular/compiler-cli": "^21.1.0",
        "jsdom": "^27.1.0",
        "typescript": "~5.9.2",
        "vitest": "^4.0.8"
      }
    },
    "node_modules/@acemir/cssom": {
      "version": "0.9.31",
      "resolved": "https://registry.npmjs.org/@acemir/cssom/-/cssom-0.9.31.tgz",
      "integrity": "sha512-ZnR3GSaH+/vJ0YlHau21FjfLYjMpYVIzTD8M8vIEQvIGxeOXyXdzCI140rrCY862p/C/BbzWsjc1dgnM9mkoTA==",
      "dev": true,
      "license": "MIT"
    },
    "node_modules/@algolia/abtesting": {
      "version": "1.12.2",
      "resolved": "https://registry.npmjs.org/@algolia/abtesting/-/abtesting-1.12.2.tgz",
      "integrity": "sha512-oWknd6wpfNrmRcH0vzed3UPX0i17o4kYLM5OMITyMVM2xLgaRbIafoxL0e8mcrNNb0iORCJA0evnNDKRYth5WQ==",
      "dev": true,
      "license": "MIT",
      "dependencies": {
        "@algolia/client-common": "5.46.2",
        "@algolia/requester-browser-xhr": "5.46.2",
        "@algolia/requester-fetch": "5.46.2",
        "@algolia/requester-node-http": "5.46.2"
      },
      "engines": {
        "node": ">= 14.0.0"
      }
    }
  }
}